
Microsoft Visual Studio Solution File, Format Version 12.00
# Visual Studio Version 17
VisualStudioVersion = 17.0.32014.148
MinimumVisualStudioVersion = 10.0.40219.1
Project("{9A19103F-16F7-4668-BE54-9A1E7A4F7556}") = "WinFormsApp1", "WinFormsApp1.csproj", "{7AC23298-5455-4999-B084-656A06D5C6EF}"
EndProject
Global
	GlobalSection(SolutionConfigurationPlatforms) = preSolution
		Debug|Any CPU = Debug|Any CPU
		Release|Any CPU = Release|Any CPU
	EndGlobalSection
	GlobalSection(ProjectConfigurationPlatforms) = postSolution
		{7AC23298-5455-4999-B084-656A06D5C6EF}.Debug|Any CPU.ActiveCfg = Debug|Any CPU
		{7AC23298-5455-4999-B084-656A06D5C6EF}.Debug|Any CPU.Build.0 = Debug|Any CPU
		{7AC23298-5455-4999-B084-656A06D5C6EF}.Release|Any CPU.ActiveCfg = Release|Any CPU
		{7AC23298-5455-4999-B084-656A06D5C6EF}.Release|Any CPU.Build.0 = Release|Any CPU
	EndGlobalSection
	GlobalSection(SolutionProperties) = preSolution
		HideSolutionNode = FALSE
	EndGlobalSection
	GlobalSection(ExtensibilityGlobals) = postSolution
		SolutionGuid = {B70BD9FD-7056-46F2-9FB9-7E8F49269625}
	EndGlobalSection
EndGlobal
